
Microsoft Visual Studio Solution File, Format Version 12.00
# Visual Studio Version 17
VisualStudioVersion = 17.4.33205.214
MinimumVisualStudioVersion = 10.0.40219.1
Project("{FAE04EC0-301F-11D3-BF4B-00C04F79EFBC}") = "Multiidioma", "Multiidioma.csproj", "{D258AAEC-D66A-4D72-BD25-F475D4B5C6E4}"
EndProject
Global
	GlobalSection(SolutionConfigurationPlatforms) = preSolution
		Debug|Any CPU = Debug|Any CPU
		Release|Any CPU = Release|Any CPU
	EndGlobalSection
	GlobalSection(ProjectConfigurationPlatforms) = postSolution
		{D258AAEC-D66A-4D72-BD25-F475D4B5C6E4}.Debug|Any CPU.ActiveCfg = Debug|Any CPU
		{D258AAEC-D66A-4D72-BD25-F475D4B5C6E4}.Debug|Any CPU.Build.0 = Debug|Any CPU
		{D258AAEC-D66A-4D72-BD25-F475D4B5C6E4}.Release|Any CPU.ActiveCfg = Release|Any CPU
		{D258AAEC-D66A-4D72-BD25-F475D4B5C6E4}.Release|Any CPU.Build.0 = Release|Any CPU
	EndGlobalSection
	GlobalSection(SolutionProperties) = preSolution
		HideSolutionNode = FALSE
	EndGlobalSection
	GlobalSection(ExtensibilityGlobals) = postSolution
		SolutionGuid = {49B401E9-52F3-46F6-BA20-95D83526A160}
	EndGlobalSection
EndGlobal
